{
	"name": "bd-promise",
	"version": "2.1.0",
	"lockfileVersion": 1,
	"requires": true,
	"dependencies": {
		"bd-smoke": {
			"version": "0.3.1",
			"resolved": "https://registry.npmjs.org/bd-smoke/-/bd-smoke-0.3.1.tgz",
			"integrity": "sha512-TGhf2OnD+mNzWh5ppLAycstIAPRuGxntP3h/FxetCIrFNOgABX79QoL8RPuBNCBq/YkCFrs/EN7t8hvibMqqCg=="
		}
	}
}
